// !$*UTF8*$!
{
	archiveVersion = 1;
	classes = {
	};
	objectVersion = 77;
	objects = {

/* Begin PBXBuildFile section */
		31641FC850A80EBFC3B96767 /* HistoryStatsLoaderTests.swift in Sources */ = {isa = PBXBuildFile; fileRef = 24DCE174F82BD77A93D312BF /* HistoryStatsLoaderTests.swift */; };
		45D41159AD9302AAC793A0DF /* TestSupport.swift in Sources */ = {isa = PBXBuildFile; fileRef = 6DD3259B4F6752413AC180B9 /* TestSupport.swift */; };
		47C923A02F2CFA1F00EA1E18 /* Sparkle in Frameworks */ = {isa = PBXBuildFile; productRef = 47C923A12F2CFA1F00EA1E18 /* Sparkle */; };
		64BC2B9E5EE414A6413EF120 /* SessionStoreTests.swift in Sources */ = {isa = PBXBuildFile; fileRef = 24ED6FBF85341FFE26B70897 /* SessionStoreTests.swift */; };
		78089E55C111F8EA1189D776 /* Cocoa.framework in Frameworks */ = {isa = PBXBuildFile; fileRef = A16AFFD9F1FDEFC875DBBB8E /* Cocoa.framework */; };
		9171009E7517D41B947EA8B0 /* AppSettingsTests.swift in Sources */ = {isa = PBXBuildFile; fileRef = 58F6699E40496904CDAAD52D /* AppSettingsTests.swift */; };
		C6A35281F7369BA25512DFB1 /* ScreenIdentifierTests.swift in Sources */ = {isa = PBXBuildFile; fileRef = B02E25C265ECCE01513EF84F /* ScreenIdentifierTests.swift */; };
		D89D639ADF1D6E3593F695B5 /* DistractorEngineTests.swift in Sources */ = {isa = PBXBuildFile; fileRef = C6213B0B87B9965CAA4E9784 /* DistractorEngineTests.swift */; };
		E5400907D0BB73788BD5163A /* ParrotLevelTests.swift in Sources */ = {isa = PBXBuildFile; fileRef = D14AA06EF318E95F76FDBB0A /* ParrotLevelTests.swift */; };
/* End PBXBuildFile section */

/* Begin PBXContainerItemProxy section */
		297C38BDA479DC8EC3CC3BCF /* PBXContainerItemProxy */ = {
			isa = PBXContainerItemProxy;
			containerPortal = 47C9227A2F2CFA1F00EA1E18 /* Project object */;
			proxyType = 1;
			remoteGlobalIDString = 47C922812F2CFA1F00EA1E18;
			remoteInfo = periquito;
		};
/* End PBXContainerItemProxy section */

/* Begin PBXFileReference section */
		24DCE174F82BD77A93D312BF /* HistoryStatsLoaderTests.swift */ = {isa = PBXFileReference; includeInIndex = 1; lastKnownFileType = sourcecode.swift; path = HistoryStatsLoaderTests.swift; sourceTree = "<group>"; };
		24ED6FBF85341FFE26B70897 /* SessionStoreTests.swift */ = {isa = PBXFileReference; includeInIndex = 1; lastKnownFileType = sourcecode.swift; path = SessionStoreTests.swift; sourceTree = "<group>"; };
		47C922822F2CFA1F00EA1E18 /* periquito.app */ = {isa = PBXFileReference; explicitFileType = wrapper.application; includeInIndex = 0; path = periquito.app; sourceTree = BUILT_PRODUCTS_DIR; };
		58F6699E40496904CDAAD52D /* AppSettingsTests.swift */ = {isa = PBXFileReference; includeInIndex = 1; lastKnownFileType = sourcecode.swift; path = AppSettingsTests.swift; sourceTree = "<group>"; };
		6DD3259B4F6752413AC180B9 /* TestSupport.swift */ = {isa = PBXFileReference; includeInIndex = 1; lastKnownFileType = sourcecode.swift; path = TestSupport.swift; sourceTree = "<group>"; };
		A16AFFD9F1FDEFC875DBBB8E /* Cocoa.framework */ = {isa = PBXFileReference; lastKnownFileType = wrapper.framework; name = Cocoa.framework; path = Platforms/MacOSX.platform/Developer/SDKs/MacOSX15.0.sdk/System/Library/Frameworks/Cocoa.framework; sourceTree = DEVELOPER_DIR; };
		B02E25C265ECCE01513EF84F /* ScreenIdentifierTests.swift */ = {isa = PBXFileReference; includeInIndex = 1; lastKnownFileType = sourcecode.swift; path = ScreenIdentifierTests.swift; sourceTree = "<group>"; };
		C6213B0B87B9965CAA4E9784 /* DistractorEngineTests.swift */ = {isa = PBXFileReference; includeInIndex = 1; lastKnownFileType = sourcecode.swift; path = DistractorEngineTests.swift; sourceTree = "<group>"; };
		D14AA06EF318E95F76FDBB0A /* ParrotLevelTests.swift */ = {isa = PBXFileReference; includeInIndex = 1; lastKnownFileType = sourcecode.swift; path = ParrotLevelTests.swift; sourceTree = "<group>"; };
		F808507EF0BF41B5B4AD3027 /* periquitoTests.xctest */ = {isa = PBXFileReference; explicitFileType = wrapper.cfbundle; includeInIndex = 0; path = periquitoTests.xctest; sourceTree = BUILT_PRODUCTS_DIR; };
/* End PBXFileReference section */

/* Begin PBXFileSystemSynchronizedRootGroup section */
		47C922842F2CFA1F00EA1E18 /* periquito */ = {
			isa = PBXFileSystemSynchronizedRootGroup;
			exceptions = (
			);
			path = periquito;
			sourceTree = "<group>";
		};
/* End PBXFileSystemSynchronizedRootGroup section */

/* Begin PBXFrameworksBuildPhase section */
		47C9227F2F2CFA1F00EA1E18 /* Frameworks */ = {
			isa = PBXFrameworksBuildPhase;
			buildActionMask = 2147483647;
			files = (
				47C923A02F2CFA1F00EA1E18 /* Sparkle in Frameworks */,
			);
			runOnlyForDeploymentPostprocessing = 0;
		};
		68233D4C9B66A87E74924CE4 /* Frameworks */ = {
			isa = PBXFrameworksBuildPhase;
			buildActionMask = 2147483647;
			files = (
				78089E55C111F8EA1189D776 /* Cocoa.framework in Frameworks */,
			);
			runOnlyForDeploymentPostprocessing = 0;
		};
/* End PBXFrameworksBuildPhase section */

/* Begin PBXGroup section */
		47C922792F2CFA1F00EA1E18 = {
			isa = PBXGroup;
			children = (
				47C922842F2CFA1F00EA1E18 /* periquito */,
				47C922832F2CFA1F00EA1E18 /* Products */,
				7ADE716B0BC9A3713A979425 /* Frameworks */,
				5CBC6771C12F1BAE2D6A84AC /* periquitoTests */,
			);
			sourceTree = "<group>";
		};
		47C922832F2CFA1F00EA1E18 /* Products */ = {
			isa = PBXGroup;
			children = (
				47C922822F2CFA1F00EA1E18 /* periquito.app */,
				F808507EF0BF41B5B4AD3027 /* periquitoTests.xctest */,
			);
			name = Products;
			sourceTree = "<group>";
		};
		5CBC6771C12F1BAE2D6A84AC /* periquitoTests */ = {
			isa = PBXGroup;
			children = (
				58F6699E40496904CDAAD52D /* AppSettingsTests.swift */,
				C6213B0B87B9965CAA4E9784 /* DistractorEngineTests.swift */,
				24DCE174F82BD77A93D312BF /* HistoryStatsLoaderTests.swift */,
				D14AA06EF318E95F76FDBB0A /* ParrotLevelTests.swift */,
				B02E25C265ECCE01513EF84F /* ScreenIdentifierTests.swift */,
				24ED6FBF85341FFE26B70897 /* SessionStoreTests.swift */,
				6DD3259B4F6752413AC180B9 /* TestSupport.swift */,
			);
			name = periquitoTests;
			path = periquitoTests;
			sourceTree = "<group>";
		};
		7013CEF4516AFDAA10051074 /* OS X */ = {
			isa = PBXGroup;
			children = (
				A16AFFD9F1FDEFC875DBBB8E /* Cocoa.framework */,
			);
			name = "OS X";
			sourceTree = "<group>";
		};
		7ADE716B0BC9A3713A979425 /* Frameworks */ = {
			isa = PBXGroup;
			children = (
				7013CEF4516AFDAA10051074 /* OS X */,
			);
			name = Frameworks;
			sourceTree = "<group>";
		};
/* End PBXGroup section */

/* Begin PBXNativeTarget section */
		47C922812F2CFA1F00EA1E18 /* periquito */ = {
			isa = PBXNativeTarget;
			buildConfigurationList = 47C9228D2F2CFA2000EA1E18 /* Build configuration list for PBXNativeTarget "periquito" */;
			buildPhases = (
				47C9227E2F2CFA1F00EA1E18 /* Sources */,
				47C9227F2F2CFA1F00EA1E18 /* Frameworks */,
				47C922802F2CFA1F00EA1E18 /* Resources */,
			);
			buildRules = (
			);
			dependencies = (
			);
			fileSystemSynchronizedGroups = (
				47C922842F2CFA1F00EA1E18 /* periquito */,
			);
			name = periquito;
			packageProductDependencies = (
				47C923A12F2CFA1F00EA1E18 /* Sparkle */,
			);
			productName = periquito;
			productReference = 47C922822F2CFA1F00EA1E18 /* periquito.app */;
			productType = "com.apple.product-type.application";
		};
		73F498D2B529DFA4DB8BA4C4 /* periquitoTests */ = {
			isa = PBXNativeTarget;
			buildConfigurationList = AC95E15F4C2357E15902E0DF /* Build configuration list for PBXNativeTarget "periquitoTests" */;
			buildPhases = (
				A0B3328010A69B40CA5F7D84 /* Sources */,
				68233D4C9B66A87E74924CE4 /* Frameworks */,
				4EF0038BC3677EF403F12E41 /* Resources */,
			);
			buildRules = (
			);
			dependencies = (
				A92234A8E79ABD9187623D35 /* PBXTargetDependency */,
			);
			name = periquitoTests;
			productName = periquitoTests;
			productReference = F808507EF0BF41B5B4AD3027 /* periquitoTests.xctest */;
			productType = "com.apple.product-type.bundle.unit-test";
		};
/* End PBXNativeTarget section */

/* Begin PBXProject section */
		47C9227A2F2CFA1F00EA1E18 /* Project object */ = {
			isa = PBXProject;
			attributes = {
				BuildIndependentTargetsInParallel = 1;
				LastSwiftUpdateCheck = 2600;
				LastUpgradeCheck = 2620;
				TargetAttributes = {
					47C922812F2CFA1F00EA1E18 = {
						CreatedOnToolsVersion = 26.0;
					};
					73F498D2B529DFA4DB8BA4C4 = {
						CreatedOnToolsVersion = 26.0;
						TestTargetID = 47C922812F2CFA1F00EA1E18;
					};
				};
			};
			buildConfigurationList = 47C9227D2F2CFA1F00EA1E18 /* Build configuration list for PBXProject "periquito" */;
			developmentRegion = en;
			hasScannedForEncodings = 0;
			knownRegions = (
				en,
				Base,
			);
			mainGroup = 47C922792F2CFA1F00EA1E18;
			minimizedProjectReferenceProxies = 1;
			packageReferences = (
				47C923A22F2CFA1F00EA1E18 /* XCRemoteSwiftPackageReference "Sparkle" */,
			);
			preferredProjectObjectVersion = 77;
			productRefGroup = 47C922832F2CFA1F00EA1E18 /* Products */;
			projectDirPath = "";
			projectRoot = "";
			targets = (
				47C922812F2CFA1F00EA1E18 /* periquito */,
				73F498D2B529DFA4DB8BA4C4 /* periquitoTests */,
			);
		};
/* End PBXProject section */

/* Begin PBXResourcesBuildPhase section */
		47C922802F2CFA1F00EA1E18 /* Resources */ = {
			isa = PBXResourcesBuildPhase;
			buildActionMask = 2147483647;
			files = (
			);
			runOnlyForDeploymentPostprocessing = 0;
		};
		4EF0038BC3677EF403F12E41 /* Resources */ = {
			isa = PBXResourcesBuildPhase;
			buildActionMask = 2147483647;
			files = (
			);
			runOnlyForDeploymentPostprocessing = 0;
		};
/* End PBXResourcesBuildPhase section */

/* Begin PBXSourcesBuildPhase section */
		47C9227E2F2CFA1F00EA1E18 /* Sources */ = {
			isa = PBXSourcesBuildPhase;
			buildActionMask = 2147483647;
			files = (
			);
			runOnlyForDeploymentPostprocessing = 0;
		};
		A0B3328010A69B40CA5F7D84 /* Sources */ = {
			isa = PBXSourcesBuildPhase;
			buildActionMask = 2147483647;
			files = (
				9171009E7517D41B947EA8B0 /* AppSettingsTests.swift in Sources */,
				D89D639ADF1D6E3593F695B5 /* DistractorEngineTests.swift in Sources */,
				31641FC850A80EBFC3B96767 /* HistoryStatsLoaderTests.swift in Sources */,
				E5400907D0BB73788BD5163A /* ParrotLevelTests.swift in Sources */,
				C6A35281F7369BA25512DFB1 /* ScreenIdentifierTests.swift in Sources */,
				64BC2B9E5EE414A6413EF120 /* SessionStoreTests.swift in Sources */,
				45D41159AD9302AAC793A0DF /* TestSupport.swift in Sources */,
			);
			runOnlyForDeploymentPostprocessing = 0;
		};
/* End PBXSourcesBuildPhase section */

/* Begin PBXTargetDependency section */
		A92234A8E79ABD9187623D35 /* PBXTargetDependency */ = {
			isa = PBXTargetDependency;
			name = periquito;
			target = 47C922812F2CFA1F00EA1E18 /* periquito */;
			targetProxy = 297C38BDA479DC8EC3CC3BCF /* PBXContainerItemProxy */;
		};
/* End PBXTargetDependency section */

/* Begin XCBuildConfiguration section */
		3B55644042551F4EC341203B /* Debug */ = {
			isa = XCBuildConfiguration;
			buildSettings = {
				BUNDLE_LOADER = "$(TEST_HOST)";
				CODE_SIGN_STYLE = Automatic;
				CURRENT_PROJECT_VERSION = 1;
				GENERATE_INFOPLIST_FILE = YES;
				MACOSX_DEPLOYMENT_TARGET = 15.0;
				MARKETING_VERSION = 1.0;
				PRODUCT_BUNDLE_IDENTIFIER = com.lucianfialho.periquitoTests;
				PRODUCT_NAME = "$(TARGET_NAME)";
				SDKROOT = macosx;
				SWIFT_VERSION = 5.0;
				TEST_HOST = "$(BUILT_PRODUCTS_DIR)/periquito.app/Contents/MacOS/periquito";
				TEST_TARGET_NAME = periquito;
			};
			name = Debug;
		};
		47C9228B2F2CFA2000EA1E18 /* Debug */ = {
			isa = XCBuildConfiguration;
			buildSettings = {
				ALWAYS_SEARCH_USER_PATHS = NO;
				ASSETCATALOG_COMPILER_GENERATE_SWIFT_ASSET_SYMBOL_EXTENSIONS = YES;
				CLANG_ANALYZER_NONNULL = YES;
				CLANG_ANALYZER_NUMBER_OBJECT_CONVERSION = YES_AGGRESSIVE;
				CLANG_CXX_LANGUAGE_STANDARD = "gnu++20";
				CLANG_ENABLE_MODULES = YES;
				CLANG_ENABLE_OBJC_ARC = YES;
				CLANG_ENABLE_OBJC_WEAK = YES;
				CLANG_WARN_BLOCK_CAPTURE_AUTORELEASING = YES;
				CLANG_WARN_BOOL_CONVERSION = YES;
				CLANG_WARN_COMMA = YES;
				CLANG_WARN_CONSTANT_CONVERSION = YES;
				CLANG_WARN_DEPRECATED_OBJC_IMPLEMENTATIONS = YES;
				CLANG_WARN_DIRECT_OBJC_ISA_USAGE = YES_ERROR;
				CLANG_WARN_DOCUMENTATION_COMMENTS = YES;
				CLANG_WARN_EMPTY_BODY = YES;
				CLANG_WARN_ENUM_CONVERSION = YES;
				CLANG_WARN_INFINITE_RECURSION = YES;
				CLANG_WARN_INT_CONVERSION = YES;
				CLANG_WARN_NON_LITERAL_NULL_CONVERSION = YES;
				CLANG_WARN_OBJC_IMPLICIT_RETAIN_SELF = YES;
				CLANG_WARN_OBJC_LITERAL_CONVERSION = YES;
				CLANG_WARN_OBJC_ROOT_CLASS = YES_ERROR;
				CLANG_WARN_QUOTED_INCLUDE_IN_FRAMEWORK_HEADER = YES;
				CLANG_WARN_RANGE_LOOP_ANALYSIS = YES;
				CLANG_WARN_STRICT_PROTOTYPES = YES;
				CLANG_WARN_SUSPICIOUS_MOVE = YES;
				CLANG_WARN_UNGUARDED_AVAILABILITY = YES_AGGRESSIVE;
				CLANG_WARN_UNREACHABLE_CODE = YES;
				CLANG_WARN__DUPLICATE_METHOD_MATCH = YES;
				COPY_PHASE_STRIP = NO;
				DEAD_CODE_STRIPPING = YES;
				DEBUG_INFORMATION_FORMAT = dwarf;
				DEVELOPMENT_TEAM = UPFBG8KSGL;
				ENABLE_STRICT_OBJC_MSGSEND = YES;
				ENABLE_TESTABILITY = YES;
				ENABLE_USER_SCRIPT_SANDBOXING = YES;
				GCC_C_LANGUAGE_STANDARD = gnu17;
				GCC_DYNAMIC_NO_PIC = NO;
				GCC_NO_COMMON_BLOCKS = YES;
				GCC_OPTIMIZATION_LEVEL = 0;
				GCC_PREPROCESSOR_DEFINITIONS = (
					"DEBUG=1",
					"$(inherited)",
				);
				GCC_WARN_64_TO_32_BIT_CONVERSION = YES;
				GCC_WARN_ABOUT_RETURN_TYPE = YES_ERROR;
				GCC_WARN_UNDECLARED_SELECTOR = YES;
				GCC_WARN_UNINITIALIZED_AUTOS = YES_AGGRESSIVE;
				GCC_WARN_UNUSED_FUNCTION = YES;
				GCC_WARN_UNUSED_VARIABLE = YES;
				LOCALIZATION_PREFERS_STRING_CATALOGS = YES;
				MACOSX_DEPLOYMENT_TARGET = 15.0;
				MTL_ENABLE_DEBUG_INFO = INCLUDE_SOURCE;
				MTL_FAST_MATH = YES;
				ONLY_ACTIVE_ARCH = YES;
				SDKROOT = macosx;
				STRING_CATALOG_GENERATE_SYMBOLS = YES;
				SWIFT_ACTIVE_COMPILATION_CONDITIONS = "DEBUG $(inherited)";
				SWIFT_OPTIMIZATION_LEVEL = "-Onone";
			};
			name = Debug;
		};
		47C9228C2F2CFA2000EA1E18 /* Release */ = {
			isa = XCBuildConfiguration;
			buildSettings = {
				ALWAYS_SEARCH_USER_PATHS = NO;
				ASSETCATALOG_COMPILER_GENERATE_SWIFT_ASSET_SYMBOL_EXTENSIONS = YES;
				CLANG_ANALYZER_NONNULL = YES;
				CLANG_ANALYZER_NUMBER_OBJECT_CONVERSION = YES_AGGRESSIVE;
				CLANG_CXX_LANGUAGE_STANDARD = "gnu++20";
				CLANG_ENABLE_MODULES = YES;
				CLANG_ENABLE_OBJC_ARC = YES;
				CLANG_ENABLE_OBJC_WEAK = YES;
				CLANG_WARN_BLOCK_CAPTURE_AUTORELEASING = YES;
				CLANG_WARN_BOOL_CONVERSION = YES;
				CLANG_WARN_COMMA = YES;
				CLANG_WARN_CONSTANT_CONVERSION = YES;
				CLANG_WARN_DEPRECATED_OBJC_IMPLEMENTATIONS = YES;
				CLANG_WARN_DIRECT_OBJC_ISA_USAGE = YES_ERROR;
				CLANG_WARN_DOCUMENTATION_COMMENTS = YES;
				CLANG_WARN_EMPTY_BODY = YES;
				CLANG_WARN_ENUM_CONVERSION = YES;
				CLANG_WARN_INFINITE_RECURSION = YES;
				CLANG_WARN_INT_CONVERSION = YES;
				CLANG_WARN_NON_LITERAL_NULL_CONVERSION = YES;
				CLANG_WARN_OBJC_IMPLICIT_RETAIN_SELF = YES;
				CLANG_WARN_OBJC_LITERAL_CONVERSION = YES;
				CLANG_WARN_OBJC_ROOT_CLASS = YES_ERROR;
				CLANG_WARN_QUOTED_INCLUDE_IN_FRAMEWORK_HEADER = YES;
				CLANG_WARN_RANGE_LOOP_ANALYSIS = YES;
				CLANG_WARN_STRICT_PROTOTYPES = YES;
				CLANG_WARN_SUSPICIOUS_MOVE = YES;
				CLANG_WARN_UNGUARDED_AVAILABILITY = YES_AGGRESSIVE;
				CLANG_WARN_UNREACHABLE_CODE = YES;
				CLANG_WARN__DUPLICATE_METHOD_MATCH = YES;
				COPY_PHASE_STRIP = NO;
				DEAD_CODE_STRIPPING = YES;
				DEBUG_INFORMATION_FORMAT = "dwarf-with-dsym";
				DEVELOPMENT_TEAM = UPFBG8KSGL;
				ENABLE_NS_ASSERTIONS = NO;
				ENABLE_STRICT_OBJC_MSGSEND = YES;
				ENABLE_USER_SCRIPT_SANDBOXING = YES;
				GCC_C_LANGUAGE_STANDARD = gnu17;
				GCC_NO_COMMON_BLOCKS = YES;
				GCC_WARN_64_TO_32_BIT_CONVERSION = YES;
				GCC_WARN_ABOUT_RETURN_TYPE = YES_ERROR;
				GCC_WARN_UNDECLARED_SELECTOR = YES;
				GCC_WARN_UNINITIALIZED_AUTOS = YES_AGGRESSIVE;
				GCC_WARN_UNUSED_FUNCTION = YES;
				GCC_WARN_UNUSED_VARIABLE = YES;
				LOCALIZATION_PREFERS_STRING_CATALOGS = YES;
				MACOSX_DEPLOYMENT_TARGET = 15.0;
				MTL_ENABLE_DEBUG_INFO = NO;
				MTL_FAST_MATH = YES;
				SDKROOT = macosx;
				STRING_CATALOG_GENERATE_SYMBOLS = YES;
				SWIFT_COMPILATION_MODE = wholemodule;
			};
			name = Release;
		};
		47C9228E2F2CFA2000EA1E18 /* Debug */ = {
			isa = XCBuildConfiguration;
			buildSettings = {
				ASSETCATALOG_COMPILER_APPICON_NAME = AppIcon;
				ASSETCATALOG_COMPILER_GLOBAL_ACCENT_COLOR_NAME = AccentColor;
				CODE_SIGN_ENTITLEMENTS = periquito/periquito.entitlements;
				"CODE_SIGN_IDENTITY[sdk=macosx*]" = "Apple Development";
				CODE_SIGN_STYLE = Automatic;
				COMBINE_HIDPI_IMAGES = YES;
				CURRENT_PROJECT_VERSION = 1;
				DEAD_CODE_STRIPPING = YES;
				DEVELOPMENT_TEAM = UPFBG8KSGL;
				ENABLE_APP_SANDBOX = NO;
				ENABLE_HARDENED_RUNTIME = YES;
				ENABLE_PREVIEWS = YES;
				GENERATE_INFOPLIST_FILE = YES;
				INFOPLIST_FILE = Info.plist;
				INFOPLIST_KEY_LSApplicationCategoryType = "public.app-category.developer-tools";
				INFOPLIST_KEY_LSUIElement = YES;
				INFOPLIST_KEY_NSHumanReadableCopyright = "";
				LD_RUNPATH_SEARCH_PATHS = (
					"$(inherited)",
					"@executable_path/../Frameworks",
				);
				MARKETING_VERSION = 1.0.0;
				PRODUCT_BUNDLE_IDENTIFIER = com.lucianfialho.periquito;
				PRODUCT_NAME = "$(TARGET_NAME)";
				REGISTER_APP_GROUPS = YES;
				STRING_CATALOG_GENERATE_SYMBOLS = YES;
				SWIFT_APPROACHABLE_CONCURRENCY = YES;
				SWIFT_DEFAULT_ACTOR_ISOLATION = MainActor;
				SWIFT_EMIT_LOC_STRINGS = YES;
				SWIFT_UPCOMING_FEATURE_MEMBER_IMPORT_VISIBILITY = YES;
				SWIFT_VERSION = 5.0;
			};
			name = Debug;
		};
		47C9228F2F2CFA2000EA1E18 /* Release */ = {
			isa = XCBuildConfiguration;
			buildSettings = {
				ASSETCATALOG_COMPILER_APPICON_NAME = AppIcon;
				ASSETCATALOG_COMPILER_GLOBAL_ACCENT_COLOR_NAME = AccentColor;
				CODE_SIGN_ENTITLEMENTS = periquito/periquito.entitlements;
				"CODE_SIGN_IDENTITY[sdk=macosx*]" = "Apple Development";
				CODE_SIGN_STYLE = Automatic;
				COMBINE_HIDPI_IMAGES = YES;
				CURRENT_PROJECT_VERSION = 1;
				DEAD_CODE_STRIPPING = YES;
				DEVELOPMENT_TEAM = UPFBG8KSGL;
				ENABLE_APP_SANDBOX = NO;
				ENABLE_HARDENED_RUNTIME = YES;
				ENABLE_PREVIEWS = YES;
				GENERATE_INFOPLIST_FILE = YES;
				INFOPLIST_FILE = Info.plist;
				INFOPLIST_KEY_LSApplicationCategoryType = "public.app-category.developer-tools";
				INFOPLIST_KEY_LSUIElement = YES;
				INFOPLIST_KEY_NSHumanReadableCopyright = "";
				LD_RUNPATH_SEARCH_PATHS = (
					"$(inherited)",
					"@executable_path/../Frameworks",
				);
				MARKETING_VERSION = 1.0.0;
				PRODUCT_BUNDLE_IDENTIFIER = com.lucianfialho.periquito;
				PRODUCT_NAME = "$(TARGET_NAME)";
				REGISTER_APP_GROUPS = YES;
				STRING_CATALOG_GENERATE_SYMBOLS = YES;
				SWIFT_APPROACHABLE_CONCURRENCY = YES;
				SWIFT_DEFAULT_ACTOR_ISOLATION = MainActor;
				SWIFT_EMIT_LOC_STRINGS = YES;
				SWIFT_UPCOMING_FEATURE_MEMBER_IMPORT_VISIBILITY = YES;
				SWIFT_VERSION = 5.0;
			};
			name = Release;
		};
		6A65937EF2D81111D89D4140 /* Release */ = {
			isa = XCBuildConfiguration;
			buildSettings = {
				BUNDLE_LOADER = "$(TEST_HOST)";
				CODE_SIGN_STYLE = Automatic;
				CURRENT_PROJECT_VERSION = 1;
				GENERATE_INFOPLIST_FILE = YES;
				MACOSX_DEPLOYMENT_TARGET = 15.0;
				MARKETING_VERSION = 1.0;
				PRODUCT_BUNDLE_IDENTIFIER = com.lucianfialho.periquitoTests;
				PRODUCT_NAME = "$(TARGET_NAME)";
				SDKROOT = macosx;
				SWIFT_VERSION = 5.0;
				TEST_HOST = "$(BUILT_PRODUCTS_DIR)/periquito.app/Contents/MacOS/periquito";
				TEST_TARGET_NAME = periquito;
			};
			name = Release;
		};
/* End XCBuildConfiguration section */

/* Begin XCConfigurationList section */
		47C9227D2F2CFA1F00EA1E18 /* Build configuration list for PBXProject "periquito" */ = {
			isa = XCConfigurationList;
			buildConfigurations = (
				47C9228B2F2CFA2000EA1E18 /* Debug */,
				47C9228C2F2CFA2000EA1E18 /* Release */,
			);
			defaultConfigurationIsVisible = 0;
			defaultConfigurationName = Release;
		};
		47C9228D2F2CFA2000EA1E18 /* Build configuration list for PBXNativeTarget "periquito" */ = {
			isa = XCConfigurationList;
			buildConfigurations = (
				47C9228E2F2CFA2000EA1E18 /* Debug */,
				47C9228F2F2CFA2000EA1E18 /* Release */,
			);
			defaultConfigurationIsVisible = 0;
			defaultConfigurationName = Release;
		};
		AC95E15F4C2357E15902E0DF /* Build configuration list for PBXNativeTarget "periquitoTests" */ = {
			isa = XCConfigurationList;
			buildConfigurations = (
				6A65937EF2D81111D89D4140 /* Release */,
				3B55644042551F4EC341203B /* Debug */,
			);
			defaultConfigurationIsVisible = 0;
			defaultConfigurationName = Release;
		};
/* End XCConfigurationList section */

/* Begin XCRemoteSwiftPackageReference section */
		47C923A22F2CFA1F00EA1E18 /* XCRemoteSwiftPackageReference "Sparkle" */ = {
			isa = XCRemoteSwiftPackageReference;
			repositoryURL = "https://github.com/sparkle-project/Sparkle";
			requirement = {
				kind = upToNextMajorVersion;
				minimumVersion = 2.0.0;
			};
		};
/* End XCRemoteSwiftPackageReference section */

/* Begin XCSwiftPackageProductDependency section */
		47C923A12F2CFA1F00EA1E18 /* Sparkle */ = {
			isa = XCSwiftPackageProductDependency;
			package = 47C923A22F2CFA1F00EA1E18 /* XCRemoteSwiftPackageReference "Sparkle" */;
			productName = Sparkle;
		};
/* End XCSwiftPackageProductDependency section */
	};
	rootObject = 47C9227A2F2CFA1F00EA1E18 /* Project object */;
}
